# THIS IS AN AUTOGENERATED FILE. DO NOT EDIT THIS FILE DIRECTLY.
# yarn lockfile v1


"@babel/helper-annotate-as-pure@^7.8.3":
  version "7.8.3"
  resolved "https://registry.yarnpkg.com/@babel/helper-annotate-as-pure/-/helper-annotate-as-pure-7.8.3.tgz#60bc0bc657f63a0924ff9a4b4a0b24a13cf4deee"
  integrity sha512-6o+mJrZBxOoEX77Ezv9zwW7WV8DdluouRKNY/IR5u/YTMuKHgugHOzYWlYvYLpLA9nPsQCAAASpCIbjI9Mv+Uw==
  dependencies:
    "@babel/types" "^7.8.3"

"@babel/helper-builder-react-jsx-experimental@^7.9.0":
  version "7.9.5"
  resolved "https://registry.yarnpkg.com/@babel/helper-builder-react-jsx-experimental/-/helper-builder-react-jsx-experimental-7.9.5.tgz#0b4b3e04e6123f03b404ca4dfd6528fe6bb92fe3"
  integrity sha512-HAagjAC93tk748jcXpZ7oYRZH485RCq/+yEv9SIWezHRPv9moZArTnkUNciUNzvwHUABmiWKlcxJvMcu59UwTg==
  dependencies:
    "@babel/helper-annotate-as-pure" "^7.8.3"
    "@babel/helper-module-imports" "^7.8.3"
    "@babel/types" "^7.9.5"

"@babel/helper-builder-react-jsx@^7.9.0":
  version "7.9.0"
  resolved "https://registry.yarnpkg.com/@babel/helper-builder-react-jsx/-/helper-builder-react-jsx-7.9.0.tgz#16bf391990b57732700a3278d4d9a81231ea8d32"
  integrity sha512-weiIo4gaoGgnhff54GQ3P5wsUQmnSwpkvU0r6ZHq6TzoSzKy4JxHEgnxNytaKbov2a9z/CVNyzliuCOUPEX3Jw==
  dependencies:
    "@babel/helper-annotate-as-pure" "^7.8.3"
    "@babel/types" "^7.9.0"

"@babel/helper-module-imports@^7.8.3":
  version "7.8.3"
  resolved "https://registry.yarnpkg.com/@babel/helper-module-imports/-/helper-module-imports-7.8.3.tgz#7fe39589b39c016331b6b8c3f441e8f0b1419498"
  integrity sha512-R0Bx3jippsbAEtzkpZ/6FIiuzOURPcMjHp+Z6xPe6DtApDJx+w7UYyOLanZqO8+wKR9G10s/FmHXvxaMd9s6Kg==
  dependencies:
    "@babel/types" "^7.8.3"

"@babel/helper-plugin-utils@^7.8.3":
  version "7.8.3"
  resolved "https://registry.yarnpkg.com/@babel/helper-plugin-utils/-/helper-plugin-utils-7.8.3.tgz#9ea293be19babc0f52ff8ca88b34c3611b208670"
  integrity sha512-j+fq49Xds2smCUNYmEHF9kGNkhbet6yVIBp4e6oeQpH1RUs/Ir06xUKzDjDkGcaaokPiTNs2JBWHjaE4csUkZQ==

"@babel/helper-validator-identifier@^7.9.5":
  version "7.9.5"
  resolved "https://registry.yarnpkg.com/@babel/helper-validator-identifier/-/helper-validator-identifier-7.9.5.tgz#90977a8e6fbf6b431a7dc31752eee233bf052d80"
  integrity sha512-/8arLKUFq882w4tWGj9JYzRpAlZgiWUJ+dtteNTDqrRBz9Iguck9Rn3ykuBDoUwh2TO4tSAJlrxDUOXWklJe4g==

"@babel/plugin-syntax-jsx@^7.8.3":
  version "7.8.3"
  resolved "https://registry.yarnpkg.com/@babel/plugin-syntax-jsx/-/plugin-syntax-jsx-7.8.3.tgz#521b06c83c40480f1e58b4fd33b92eceb1d6ea94"
  integrity sha512-WxdW9xyLgBdefoo0Ynn3MRSkhe5tFVxxKNVdnZSh318WrG2e2jH+E9wd/++JsqcLJZPfz87njQJ8j2Upjm0M0A==
  dependencies:
    "@babel/helper-plugin-utils" "^7.8.3"

"@babel/plugin-transform-react-display-name@^7.8.3":
  version "7.8.3"
  resolved "https://registry.yarnpkg.com/@babel/plugin-transform-react-display-name/-/plugin-transform-react-display-name-7.8.3.tgz#70ded987c91609f78353dd76d2fb2a0bb991e8e5"
  integrity sha512-3Jy/PCw8Fe6uBKtEgz3M82ljt+lTg+xJaM4og+eyu83qLT87ZUSckn0wy7r31jflURWLO83TW6Ylf7lyXj3m5A==
  dependencies:
    "@babel/helper-plugin-utils" "^7.8.3"

"@babel/plugin-transform-react-jsx-development@^7.9.0":
  version "7.9.0"
  resolved "https://registry.yarnpkg.com/@babel/plugin-transform-react-jsx-development/-/plugin-transform-react-jsx-development-7.9.0.tgz#3c2a130727caf00c2a293f0aed24520825dbf754"
  integrity sha512-tK8hWKrQncVvrhvtOiPpKrQjfNX3DtkNLSX4ObuGcpS9p0QrGetKmlySIGR07y48Zft8WVgPakqd/bk46JrMSw==
  dependencies:
    "@babel/helper-builder-react-jsx-experimental" "^7.9.0"
    "@babel/helper-plugin-utils" "^7.8.3"
    "@babel/plugin-syntax-jsx" "^7.8.3"

"@babel/plugin-transform-react-jsx-self@^7.9.0":
  version "7.9.0"
  resolved "https://registry.yarnpkg.com/@babel/plugin-transform-react-jsx-self/-/plugin-transform-react-jsx-self-7.9.0.tgz#f4f26a325820205239bb915bad8e06fcadabb49b"
  integrity sha512-K2ObbWPKT7KUTAoyjCsFilOkEgMvFG+y0FqOl6Lezd0/13kMkkjHskVsZvblRPj1PHA44PrToaZANrryppzTvQ==
  dependencies:
    "@babel/helper-plugin-utils" "^7.8.3"
    "@babel/plugin-syntax-jsx" "^7.8.3"

"@babel/plugin-transform-react-jsx-source@^7.9.0":
  version "7.9.0"
  resolved "https://registry.yarnpkg.com/@babel/plugin-transform-react-jsx-source/-/plugin-transform-react-jsx-source-7.9.0.tgz#89ef93025240dd5d17d3122294a093e5e0183de0"
  integrity sha512-K6m3LlSnTSfRkM6FcRk8saNEeaeyG5k7AVkBU2bZK3+1zdkSED3qNdsWrUgQBeTVD2Tp3VMmerxVO2yM5iITmw==
  dependencies:
    "@babel/helper-plugin-utils" "^7.8.3"
    "@babel/plugin-syntax-jsx" "^7.8.3"

"@babel/plugin-transform-react-jsx@^7.9.4":
  version "7.9.4"
  resolved "https://registry.yarnpkg.com/@babel/plugin-transform-react-jsx/-/plugin-transform-react-jsx-7.9.4.tgz#86f576c8540bd06d0e95e0b61ea76d55f6cbd03f"
  integrity sha512-Mjqf3pZBNLt854CK0C/kRuXAnE6H/bo7xYojP+WGtX8glDGSibcwnsWwhwoSuRg0+EBnxPC1ouVnuetUIlPSAw==
  dependencies:
    "@babel/helper-builder-react-jsx" "^7.9.0"
    "@babel/helper-builder-react-jsx-experimental" "^7.9.0"
    "@babel/helper-plugin-utils" "^7.8.3"
    "@babel/plugin-syntax-jsx" "^7.8.3"

"@babel/preset-react@^7.9.4":
  version "7.9.4"
  resolved "https://registry.yarnpkg.com/@babel/preset-react/-/preset-react-7.9.4.tgz#c6c97693ac65b6b9c0b4f25b948a8f665463014d"
  integrity sha512-AxylVB3FXeOTQXNXyiuAQJSvss62FEotbX2Pzx3K/7c+MKJMdSg6Ose6QYllkdCFA8EInCJVw7M/o5QbLuA4ZQ==
  dependencies:
    "@babel/helper-plugin-utils" "^7.8.3"
    "@babel/plugin-transform-react-display-name" "^7.8.3"
    "@babel/plugin-transform-react-jsx" "^7.9.4"
    "@babel/plugin-transform-react-jsx-development" "^7.9.0"
    "@babel/plugin-transform-react-jsx-self" "^7.9.0"
    "@babel/plugin-transform-react-jsx-source" "^7.9.0"

"@babel/types@^7.8.3", "@babel/types@^7.9.0", "@babel/types@^7.9.5":
  version "7.9.5"
  resolved "https://registry.yarnpkg.com/@babel/types/-/types-7.9.5.tgz#89231f82915a8a566a703b3b20133f73da6b9444"
  integrity sha512-XjnvNqenk818r5zMaba+sLQjnbda31UfUURv3ei0qPQw4u+j2jMyJ5b11y8ZHYTRSI3NnInQkkkRT4fLqqPdHg==
  dependencies:
    "@babel/helper-validator-identifier" "^7.9.5"
    lodash "^4.17.13"
    to-fast-properties "^2.0.0"

ansi-regex@^2.0.0:
  version "2.1.1"
  resolved "https://registry.yarnpkg.com/ansi-regex/-/ansi-regex-2.1.1.tgz#c3b33ab5ee360d86e0e628f0468ae7ef27d654df"
  integrity sha1-w7M6te42DYbg5ijwRorn7yfWVN8=

babel-helper-builder-react-jsx@^6.24.1:
  version "6.26.0"
  resolved "https://registry.yarnpkg.com/babel-helper-builder-react-jsx/-/babel-helper-builder-react-jsx-6.26.0.tgz#39ff8313b75c8b65dceff1f31d383e0ff2a408a0"
  integrity sha1-Of+DE7dci2Xc7/HzHTg+D/KkCKA=
  dependencies:
    babel-runtime "^6.26.0"
    babel-types "^6.26.0"
    esutils "^2.0.2"

babel-plugin-syntax-flow@^6.18.0:
  version "6.18.0"
  resolved "https://registry.yarnpkg.com/babel-plugin-syntax-flow/-/babel-plugin-syntax-flow-6.18.0.tgz#4c3ab20a2af26aa20cd25995c398c4eb70310c8d"
  integrity sha1-TDqyCiryaqIM0lmVw5jE63AxDI0=

babel-plugin-syntax-jsx@^6.3.13, babel-plugin-syntax-jsx@^6.8.0:
  version "6.18.0"
  resolved "https://registry.yarnpkg.com/babel-plugin-syntax-jsx/-/babel-plugin-syntax-jsx-6.18.0.tgz#0af32a9a6e13ca7a3fd5069e62d7b0f58d0d8946"
  integrity sha1-CvMqmm4Tyno/1QaeYtew9Y0NiUY=

babel-plugin-transform-flow-strip-types@^6.22.0:
  version "6.22.0"
  resolved "https://registry.yarnpkg.com/babel-plugin-transform-flow-strip-types/-/babel-plugin-transform-flow-strip-types-6.22.0.tgz#84cb672935d43714fdc32bce84568d87441cf7cf"
  integrity sha1-hMtnKTXUNxT9wyvOhFaNh0Qc988=
  dependencies:
    babel-plugin-syntax-flow "^6.18.0"
    babel-runtime "^6.22.0"

babel-plugin-transform-react-display-name@^6.23.0:
  version "6.25.0"
  resolved "https://registry.yarnpkg.com/babel-plugin-transform-react-display-name/-/babel-plugin-transform-react-display-name-6.25.0.tgz#67e2bf1f1e9c93ab08db96792e05392bf2cc28d1"
  integrity sha1-Z+K/Hx6ck6sI25Z5LgU5K/LMKNE=
  dependencies:
    babel-runtime "^6.22.0"

babel-plugin-transform-react-jsx-self@^6.22.0:
  version "6.22.0"
  resolved "https://registry.yarnpkg.com/babel-plugin-transform-react-jsx-self/-/babel-plugin-transform-react-jsx-self-6.22.0.tgz#df6d80a9da2612a121e6ddd7558bcbecf06e636e"
  integrity sha1-322AqdomEqEh5t3XVYvL7PBuY24=
  dependencies:
    babel-plugin-syntax-jsx "^6.8.0"
    babel-runtime "^6.22.0"

babel-plugin-transform-react-jsx-source@^6.22.0:
  version "6.22.0"
  resolved "https://registry.yarnpkg.com/babel-plugin-transform-react-jsx-source/-/babel-plugin-transform-react-jsx-source-6.22.0.tgz#66ac12153f5cd2d17b3c19268f4bf0197f44ecd6"
  integrity sha1-ZqwSFT9c0tF7PBkmj0vwGX9E7NY=
  dependencies:
    babel-plugin-syntax-jsx "^6.8.0"
    babel-runtime "^6.22.0"

babel-plugin-transform-react-jsx@^6.24.1:
  version "6.24.1"
  resolved "https://registry.yarnpkg.com/babel-plugin-transform-react-jsx/-/babel-plugin-transform-react-jsx-6.24.1.tgz#840a028e7df460dfc3a2d29f0c0d91f6376e66a3"
  integrity sha1-hAoCjn30YN/DotKfDA2R9jduZqM=
  dependencies:
    babel-helper-builder-react-jsx "^6.24.1"
    babel-plugin-syntax-jsx "^6.8.0"
    babel-runtime "^6.22.0"

babel-preset-flow@^6.23.0:
  version "6.23.0"
  resolved "https://registry.yarnpkg.com/babel-preset-flow/-/babel-preset-flow-6.23.0.tgz#e71218887085ae9a24b5be4169affb599816c49d"
  integrity sha1-5xIYiHCFrpoktb5Baa/7WZgWxJ0=
  dependencies:
    babel-plugin-transform-flow-strip-types "^6.22.0"

babel-preset-react@^6.24.1:
  version "6.24.1"
  resolved "https://registry.yarnpkg.com/babel-preset-react/-/babel-preset-react-6.24.1.tgz#ba69dfaea45fc3ec639b6a4ecea6e17702c91380"
  integrity sha1-umnfrqRfw+xjm2pOzqbhdwLJE4A=
  dependencies:
    babel-plugin-syntax-jsx "^6.3.13"
    babel-plugin-transform-react-display-name "^6.23.0"
    babel-plugin-transform-react-jsx "^6.24.1"
    babel-plugin-transform-react-jsx-self "^6.22.0"
    babel-plugin-transform-react-jsx-source "^6.22.0"
    babel-preset-flow "^6.23.0"

babel-runtime@^6.22.0, babel-runtime@^6.26.0:
  version "6.26.0"
  resolved "https://registry.yarnpkg.com/babel-runtime/-/babel-runtime-6.26.0.tgz#965c7058668e82b55d7bfe04ff2337bc8b5647fe"
  integrity sha1-llxwWGaOgrVde/4E/yM3vItWR/4=
  dependencies:
    core-js "^2.4.0"
    regenerator-runtime "^0.11.0"

babel-types@^6.26.0:
  version "6.26.0"
  resolved "https://registry.yarnpkg.com/babel-types/-/babel-types-6.26.0.tgz#a3b073f94ab49eb6fa55cd65227a334380632497"
  integrity sha1-o7Bz+Uq0nrb6Vc1lInozQ4BjJJc=
  dependencies:
    babel-runtime "^6.26.0"
    esutils "^2.0.2"
    lodash "^4.17.4"
    to-fast-properties "^1.0.3"

core-js@^2.4.0:
  version "2.6.11"
  resolved "https://registry.yarnpkg.com/core-js/-/core-js-2.6.11.tgz#38831469f9922bded8ee21c9dc46985e0399308c"
  integrity sha512-5wjnpaT/3dV+XB4borEsnAYQchn00XSgTAWKDkEqv+K8KevjbzmofK6hfJ9TZIlpj2N0xQpazy7PiRQiWHqzWg==

esutils@^2.0.2:
  version "2.0.3"
  resolved "https://registry.yarnpkg.com/esutils/-/esutils-2.0.3.tgz#74d2eb4de0b8da1293711910d50775b9b710ef64"
  integrity sha512-kVscqXk4OCp68SZ0dkgEKVi6/8ij300KBWTJq32P/dYeWTSwK41WyTxalN1eRmA5Z9UU/LX9D7FWSmV9SAYx6g==

growly@^1.3.0:
  version "1.3.0"
  resolved "https://registry.yarnpkg.com/growly/-/growly-1.3.0.tgz#f10748cbe76af964b7c96c93c6bcc28af120c081"
  integrity sha1-8QdIy+dq+WS3yWyTxrzCivEgwIE=

is-wsl@^1.1.0:
  version "1.1.0"
  resolved "https://registry.yarnpkg.com/is-wsl/-/is-wsl-1.1.0.tgz#1f16e4aa22b04d1336b66188a66af3c600c3a66d"
  integrity sha1-HxbkqiKwTRM2tmGIpmrzxgDDpm0=

isexe@^2.0.0:
  version "2.0.0"
  resolved "https://registry.yarnpkg.com/isexe/-/isexe-2.0.0.tgz#e8fbf374dc556ff8947a10dcb0572d633f2cfa10"
  integrity sha1-6PvzdNxVb/iUehDcsFctYz8s+hA=

"js-tokens@^3.0.0 || ^4.0.0":
  version "4.0.0"
  resolved "https://registry.yarnpkg.com/js-tokens/-/js-tokens-4.0.0.tgz#19203fb59991df98e3a287050d4647cdeaf32499"
  integrity sha512-RdJUflcE3cUzKiMqQgsCu06FPu9UdIJO0beYbPhHN4k6apgJtifcoCtT9bcxOpYBtpD2kCM6Sbzg4CausW/PKQ==

lodash@^4.17.13, lodash@^4.17.4:
  version "4.17.15"
  resolved "https://registry.yarnpkg.com/lodash/-/lodash-4.17.15.tgz#b447f6670a0455bbfeedd11392eff330ea097548"
  integrity sha512-8xOcRHvCjnocdS5cpwXQXVzmmh5e5+saE2QGoeQmbKmRS6J3VQppPOIt0MnmE+4xlZoumy0GPG0D0MVIQbNA1A==

loose-envify@^1.1.0, loose-envify@^1.4.0:
  version "1.4.0"
  resolved "https://registry.yarnpkg.com/loose-envify/-/loose-envify-1.4.0.tgz#71ee51fa7be4caec1a63839f7e682d8132d30caf"
  integrity sha512-lyuxPGr/Wfhrlem2CL/UcnUc1zcqKAImBDzukY7Y5F/yQiNdko6+fRLevlw1HgMySw7f611UIY408EtxRSoK3Q==
  dependencies:
    js-tokens "^3.0.0 || ^4.0.0"

node-notifier@^5.1.2:
  version "5.4.3"
  resolved "https://registry.yarnpkg.com/node-notifier/-/node-notifier-5.4.3.tgz#cb72daf94c93904098e28b9c590fd866e464bd50"
  integrity sha512-M4UBGcs4jeOK9CjTsYwkvH6/MzuUmGCyTW+kCY7uO+1ZVr0+FHGdPdIf5CCLqAaxnRrWidyoQlNkMIIVwbKB8Q==
  dependencies:
    growly "^1.3.0"
    is-wsl "^1.1.0"
    semver "^5.5.0"
    shellwords "^0.1.1"
    which "^1.3.0"

object-assign@^4.1.0, object-assign@^4.1.1:
  version "4.1.1"
  resolved "https://registry.yarnpkg.com/object-assign/-/object-assign-4.1.1.tgz#2109adc7965887cfc05cbbd442cac8bfbb360863"
  integrity sha1-IQmtx5ZYh8/AXLvUQsrIv7s2CGM=

prop-types@^15.6.2, prop-types@^15.7.2:
  version "15.7.2"
  resolved "https://registry.yarnpkg.com/prop-types/-/prop-types-15.7.2.tgz#52c41e75b8c87e72b9d9360e0206b99dcbffa6c5"
  integrity sha512-8QQikdH7//R2vurIJSutZ1smHYTcLpRWEOlHnzcWHmBYrOGUysKwSsrC89BCiFj3CbrfJ/nXFdJepOVrY1GCHQ==
  dependencies:
    loose-envify "^1.4.0"
    object-assign "^4.1.1"
    react-is "^16.8.1"

react-dom@^16.13.1:
  version "16.13.1"
  resolved "https://registry.yarnpkg.com/react-dom/-/react-dom-16.13.1.tgz#c1bd37331a0486c078ee54c4740720993b2e0e7f"
  integrity sha512-81PIMmVLnCNLO/fFOQxdQkvEq/+Hfpv24XNJfpyZhTRfO0QcmQIF/PgCa1zCOj2w1hrn12MFLyaJ/G0+Mxtfag==
  dependencies:
    loose-envify "^1.1.0"
    object-assign "^4.1.1"
    prop-types "^15.6.2"
    scheduler "^0.19.1"

react-is@^16.8.1:
  version "16.13.1"
  resolved "https://registry.yarnpkg.com/react-is/-/react-is-16.13.1.tgz#789729a4dc36de2999dc156dd6c1d9c18cea56a4"
  integrity sha512-24e6ynE2H+OKt4kqsOvNd8kBpV65zoxbA4BVsEOB3ARVWQki/DHzaUoC5KuON/BiccDaCCTZBuOcfZs70kR8bQ==

react@^16.13.1:
  version "16.13.1"
  resolved "https://registry.yarnpkg.com/react/-/react-16.13.1.tgz#2e818822f1a9743122c063d6410d85c1e3afe48e"
  integrity sha512-YMZQQq32xHLX0bz5Mnibv1/LHb3Sqzngu7xstSM+vrkE5Kzr9xE0yMByK5kMoTK30YVJE61WfbxIFFvfeDKT1w==
  dependencies:
    loose-envify "^1.1.0"
    object-assign "^4.1.1"
    prop-types "^15.6.2"

regenerator-runtime@^0.11.0:
  version "0.11.1"
  resolved "https://registry.yarnpkg.com/regenerator-runtime/-/regenerator-runtime-0.11.1.tgz#be05ad7f9bf7d22e056f9726cee5017fbf19e2e9"
  integrity sha512-MguG95oij0fC3QV3URf4V2SDYGJhJnJGqvIIgdECeODCT98wSWDAJ94SSuVpYQUoTcGUIL6L4yNB7j1DFFHSBg==

scheduler@^0.19.1:
  version "0.19.1"
  resolved "https://registry.yarnpkg.com/scheduler/-/scheduler-0.19.1.tgz#4f3e2ed2c1a7d65681f4c854fa8c5a1ccb40f196"
  integrity sha512-n/zwRWRYSUj0/3g/otKDRPMh6qv2SYMWNq85IEa8iZyAv8od9zDYpGSnpBEjNgcMNq6Scbu5KfIPxNF72R/2EA==
  dependencies:
    loose-envify "^1.1.0"
    object-assign "^4.1.1"

semver@^5.5.0:
  version "5.7.1"
  resolved "https://registry.yarnpkg.com/semver/-/semver-5.7.1.tgz#a954f931aeba508d307bbf069eff0c01c96116f7"
  integrity sha512-sauaDf/PZdVgrLTNYHRtpXa1iRiKcaebiKQ1BJdpQlWH2lCvexQdX55snPFyK7QzpudqbCI0qXFfOasHdyNDGQ==

shellwords@^0.1.1:
  version "0.1.1"
  resolved "https://registry.yarnpkg.com/shellwords/-/shellwords-0.1.1.tgz#d6b9181c1a48d397324c84871efbcfc73fc0654b"
  integrity sha512-vFwSUfQvqybiICwZY5+DAWIPLKsWO31Q91JSKl3UYv+K5c2QRPzn0qzec6QPu1Qc9eHYItiP3NdJqNVqetYAww==

strip-ansi@^3.0.1:
  version "3.0.1"
  resolved "https://registry.yarnpkg.com/strip-ansi/-/strip-ansi-3.0.1.tgz#6a385fb8853d952d5ff05d0e8aaf94278dc63dcf"
  integrity sha1-ajhfuIU9lS1f8F0Oiq+UJ43GPc8=
  dependencies:
    ansi-regex "^2.0.0"

to-fast-properties@^1.0.3:
  version "1.0.3"
  resolved "https://registry.yarnpkg.com/to-fast-properties/-/to-fast-properties-1.0.3.tgz#b83571fa4d8c25b82e231b06e3a3055de4ca1a47"
  integrity sha1-uDVx+k2MJbguIxsG46MFXeTKGkc=

to-fast-properties@^2.0.0:
  version "2.0.0"
  resolved "https://registry.yarnpkg.com/to-fast-properties/-/to-fast-properties-2.0.0.tgz#dc5e698cbd079265bc73e0377681a4e4e83f616e"
  integrity sha1-3F5pjL0HkmW8c+A3doGk5Og/YW4=

webpack-notifier@^1.8.0:
  version "1.8.0"
  resolved "https://registry.yarnpkg.com/webpack-notifier/-/webpack-notifier-1.8.0.tgz#994bdde0fcefc5f1a92b6d91353c8152ddd9c583"
  integrity sha512-I6t76NoPe5DZCCm5geELmDV2wlJ89LbU425uN6T2FG8Ywrrt1ZcUMz6g8yWGNg4pttqTPFQJYUPjWAlzUEQ+cQ==
  dependencies:
    node-notifier "^5.1.2"
    object-assign "^4.1.0"
    strip-ansi "^3.0.1"

which@^1.3.0:
  version "1.3.1"
  resolved "https://registry.yarnpkg.com/which/-/which-1.3.1.tgz#a45043d54f5805316da8d62f9f50918d3da70b0a"
  integrity sha512-HxJdYWq1MTIQbJ3nw0cqssHoTNU267KlrDuGZ1WYlxDStUtKUhOaJmh112/TZmHxxUfuJqPXSOm7tDyas0OSIQ==
  dependencies:
    isexe "^2.0.0"
